// !$*UTF8*$!
{
	archiveVersion = 1;
	classes = {
	};
	objectVersion = 56;
	objects = {

/* Begin PBXBuildFile section */
		8602DB3128EE060A005EF2E8 /* SettingsView.swift in Sources */ = {isa = PBXBuildFile; fileRef = 8602DB3028EE060A005EF2E8 /* SettingsView.swift */; };
		8602DB3328EE4B11005EF2E8 /* SettingsStore.swift in Sources */ = {isa = PBXBuildFile; fileRef = 8602DB3228EE4B11005EF2E8 /* SettingsStore.swift */; };
		86035A1328ECB01400D3A5BA /* Driving_BehavioursApp.swift in Sources */ = {isa = PBXBuildFile; fileRef = 86035A1228ECB01400D3A5BA /* Driving_BehavioursApp.swift */; };
		86035A1528ECB01400D3A5BA /* StartView.swift in Sources */ = {isa = PBXBuildFile; fileRef = 86035A1428ECB01400D3A5BA /* StartView.swift */; };
		86035A1728ECB01500D3A5BA /* Assets.xcassets in Resources */ = {isa = PBXBuildFile; fileRef = 86035A1628ECB01500D3A5BA /* Assets.xcassets */; };
		86035A1A28ECB01500D3A5BA /* Preview Assets.xcassets in Resources */ = {isa = PBXBuildFile; fileRef = 86035A1928ECB01500D3A5BA /* Preview Assets.xcassets */; };
		86035A2428ECB3F800D3A5BA /* LocationManager.swift in Sources */ = {isa = PBXBuildFile; fileRef = 86035A2328ECB3F800D3A5BA /* LocationManager.swift */; };
		86035A2628ECB43600D3A5BA /* LocationRequestView.swift in Sources */ = {isa = PBXBuildFile; fileRef = 86035A2528ECB43600D3A5BA /* LocationRequestView.swift */; };
		86035A2A28EDBB5200D3A5BA /* MainView.swift in Sources */ = {isa = PBXBuildFile; fileRef = 86035A2928EDBB5200D3A5BA /* MainView.swift */; };
		861D0D0228EDEC00003AC6BA /* SpeedLimitSign.swift in Sources */ = {isa = PBXBuildFile; fileRef = 861D0D0128EDEC00003AC6BA /* SpeedLimitSign.swift */; };
		8620D40628EDF79500B08E1D /* SecretMenuView.swift in Sources */ = {isa = PBXBuildFile; fileRef = 8620D40528EDF79500B08E1D /* SecretMenuView.swift */; };
		86DD463028EF29ED00693D99 /* StreetDataManager.swift in Sources */ = {isa = PBXBuildFile; fileRef = 86DD462F28EF29ED00693D99 /* StreetDataManager.swift */; };
/* End PBXBuildFile section */

/* Begin PBXFileReference section */
		8602DB3028EE060A005EF2E8 /* SettingsView.swift */ = {isa = PBXFileReference; lastKnownFileType = sourcecode.swift; path = SettingsView.swift; sourceTree = "<group>"; };
		8602DB3228EE4B11005EF2E8 /* SettingsStore.swift */ = {isa = PBXFileReference; lastKnownFileType = sourcecode.swift; path = SettingsStore.swift; sourceTree = "<group>"; };
		86035A0F28ECB01400D3A5BA /* Driving Behaviours.app */ = {isa = PBXFileReference; explicitFileType = wrapper.application; includeInIndex = 0; path = "Driving Behaviours.app"; sourceTree = BUILT_PRODUCTS_DIR; };
		86035A1228ECB01400D3A5BA /* Driving_BehavioursApp.swift */ = {isa = PBXFileReference; lastKnownFileType = sourcecode.swift; path = Driving_BehavioursApp.swift; sourceTree = "<group>"; };
		86035A1428ECB01400D3A5BA /* StartView.swift */ = {isa = PBXFileReference; lastKnownFileType = sourcecode.swift; path = StartView.swift; sourceTree = "<group>"; };
		86035A1628ECB01500D3A5BA /* Assets.xcassets */ = {isa = PBXFileReference; lastKnownFileType = folder.assetcatalog; path = Assets.xcassets; sourceTree = "<group>"; };
		86035A1928ECB01500D3A5BA /* Preview Assets.xcassets */ = {isa = PBXFileReference; lastKnownFileType = folder.assetcatalog; path = "Preview Assets.xcassets"; sourceTree = "<group>"; };
		86035A2328ECB3F800D3A5BA /* LocationManager.swift */ = {isa = PBXFileReference; lastKnownFileType = sourcecode.swift; path = LocationManager.swift; sourceTree = "<group>"; };
		86035A2528ECB43600D3A5BA /* LocationRequestView.swift */ = {isa = PBXFileReference; lastKnownFileType = sourcecode.swift; path = LocationRequestView.swift; sourceTree = "<group>"; };
		86035A2928EDBB5200D3A5BA /* MainView.swift */ = {isa = PBXFileReference; lastKnownFileType = sourcecode.swift; path = MainView.swift; sourceTree = "<group>"; };
		861D0D0128EDEC00003AC6BA /* SpeedLimitSign.swift */ = {isa = PBXFileReference; lastKnownFileType = sourcecode.swift; path = SpeedLimitSign.swift; sourceTree = "<group>"; };
		8620D40528EDF79500B08E1D /* SecretMenuView.swift */ = {isa = PBXFileReference; lastKnownFileType = sourcecode.swift; path = SecretMenuView.swift; sourceTree = "<group>"; };
		86DD462F28EF29ED00693D99 /* StreetDataManager.swift */ = {isa = PBXFileReference; lastKnownFileType = sourcecode.swift; path = StreetDataManager.swift; sourceTree = "<group>"; };
/* End PBXFileReference section */

/* Begin PBXFrameworksBuildPhase section */
		86035A0C28ECB01400D3A5BA /* Frameworks */ = {
			isa = PBXFrameworksBuildPhase;
			buildActionMask = 2147483647;
			files = (
			);
			runOnlyForDeploymentPostprocessing = 0;
		};
/* End PBXFrameworksBuildPhase section */

/* Begin PBXGroup section */
		86035A0628ECB01400D3A5BA = {
			isa = PBXGroup;
			children = (
				86035A1128ECB01400D3A5BA /* Driving Behaviours */,
				86035A1028ECB01400D3A5BA /* Products */,
			);
			sourceTree = "<group>";
		};
		86035A1028ECB01400D3A5BA /* Products */ = {
			isa = PBXGroup;
			children = (
				86035A0F28ECB01400D3A5BA /* Driving Behaviours.app */,
			);
			name = Products;
			sourceTree = "<group>";
		};
		86035A1128ECB01400D3A5BA /* Driving Behaviours */ = {
			isa = PBXGroup;
			children = (
				861D0D0028EDEBD6003AC6BA /* Supporting Views */,
				86035A1228ECB01400D3A5BA /* Driving_BehavioursApp.swift */,
				86035A1428ECB01400D3A5BA /* StartView.swift */,
				86035A2928EDBB5200D3A5BA /* MainView.swift */,
				8602DB3028EE060A005EF2E8 /* SettingsView.swift */,
				8602DB3228EE4B11005EF2E8 /* SettingsStore.swift */,
				8620D40528EDF79500B08E1D /* SecretMenuView.swift */,
				86DD462F28EF29ED00693D99 /* StreetDataManager.swift */,
				86035A2328ECB3F800D3A5BA /* LocationManager.swift */,
				86035A2528ECB43600D3A5BA /* LocationRequestView.swift */,
				86035A1628ECB01500D3A5BA /* Assets.xcassets */,
				86035A1828ECB01500D3A5BA /* Preview Content */,
			);
			path = "Driving Behaviours";
			sourceTree = "<group>";
		};
		86035A1828ECB01500D3A5BA /* Preview Content */ = {
			isa = PBXGroup;
			children = (
				86035A1928ECB01500D3A5BA /* Preview Assets.xcassets */,
			);
			path = "Preview Content";
			sourceTree = "<group>";
		};
		861D0D0028EDEBD6003AC6BA /* Supporting Views */ = {
			isa = PBXGroup;
			children = (
				861D0D0128EDEC00003AC6BA /* SpeedLimitSign.swift */,
			);
			path = "Supporting Views";
			sourceTree = "<group>";
		};
/* End PBXGroup section */

/* Begin PBXNativeTarget section */
		86035A0E28ECB01400D3A5BA /* Driving Behaviours */ = {
			isa = PBXNativeTarget;
			buildConfigurationList = 86035A1D28ECB01500D3A5BA /* Build configuration list for PBXNativeTarget "Driving Behaviours" */;
			buildPhases = (
				86035A0B28ECB01400D3A5BA /* Sources */,
				86035A0C28ECB01400D3A5BA /* Frameworks */,
				86035A0D28ECB01400D3A5BA /* Resources */,
			);
			buildRules = (
			);
			dependencies = (
			);
			name = "Driving Behaviours";
			packageProductDependencies = (
			);
			productName = "Driving Behaviours";
			productReference = 86035A0F28ECB01400D3A5BA /* Driving Behaviours.app */;
			productType = "com.apple.product-type.application";
		};
/* End PBXNativeTarget section */

/* Begin PBXProject section */
		86035A0728ECB01400D3A5BA /* Project object */ = {
			isa = PBXProject;
			attributes = {
				BuildIndependentTargetsInParallel = 1;
				LastSwiftUpdateCheck = 1400;
				LastUpgradeCheck = 1400;
				TargetAttributes = {
					86035A0E28ECB01400D3A5BA = {
						CreatedOnToolsVersion = 14.0;
					};
				};
			};
			buildConfigurationList = 86035A0A28ECB01400D3A5BA /* Build configuration list for PBXProject "Driving Behaviours" */;
			compatibilityVersion = "Xcode 14.0";
			developmentRegion = en;
			hasScannedForEncodings = 0;
			knownRegions = (
				en,
				Base,
			);
			mainGroup = 86035A0628ECB01400D3A5BA;
			packageReferences = (
			);
			productRefGroup = 86035A1028ECB01400D3A5BA /* Products */;
			projectDirPath = "";
			projectRoot = "";
			targets = (
				86035A0E28ECB01400D3A5BA /* Driving Behaviours */,
			);
		};
/* End PBXProject section */

/* Begin PBXResourcesBuildPhase section */
		86035A0D28ECB01400D3A5BA /* Resources */ = {
			isa = PBXResourcesBuildPhase;
			buildActionMask = 2147483647;
			files = (
				86035A1A28ECB01500D3A5BA /* Preview Assets.xcassets in Resources */,
				86035A1728ECB01500D3A5BA /* Assets.xcassets in Resources */,
			);
			runOnlyForDeploymentPostprocessing = 0;
		};
/* End PBXResourcesBuildPhase section */

/* Begin PBXSourcesBuildPhase section */
		86035A0B28ECB01400D3A5BA /* Sources */ = {
			isa = PBXSourcesBuildPhase;
			buildActionMask = 2147483647;
			files = (
				8620D40628EDF79500B08E1D /* SecretMenuView.swift in Sources */,
				8602DB3128EE060A005EF2E8 /* SettingsView.swift in Sources */,
				86DD463028EF29ED00693D99 /* StreetDataManager.swift in Sources */,
				861D0D0228EDEC00003AC6BA /* SpeedLimitSign.swift in Sources */,
				86035A1528ECB01400D3A5BA /* StartView.swift in Sources */,
				8602DB3328EE4B11005EF2E8 /* SettingsStore.swift in Sources */,
				86035A2628ECB43600D3A5BA /* LocationRequestView.swift in Sources */,
				86035A1328ECB01400D3A5BA /* Driving_BehavioursApp.swift in Sources */,
				86035A2A28EDBB5200D3A5BA /* MainView.swift in Sources */,
				86035A2428ECB3F800D3A5BA /* LocationManager.swift in Sources */,
			);
			runOnlyForDeploymentPostprocessing = 0;
		};
/* End PBXSourcesBuildPhase section */

/* Begin XCBuildConfiguration section */
		86035A1B28ECB01500D3A5BA /* Debug */ = {
			isa = XCBuildConfiguration;
			buildSettings = {
				ALWAYS_SEARCH_USER_PATHS = NO;
				CLANG_ANALYZER_NONNULL = YES;
				CLANG_ANALYZER_NUMBER_OBJECT_CONVERSION = YES_AGGRESSIVE;
				CLANG_CXX_LANGUAGE_STANDARD = "gnu++20";
				CLANG_ENABLE_MODULES = YES;
				CLANG_ENABLE_OBJC_ARC = YES;
				CLANG_ENABLE_OBJC_WEAK = YES;
				CLANG_WARN_BLOCK_CAPTURE_AUTORELEASING = YES;
				CLANG_WARN_BOOL_CONVERSION = YES;
				CLANG_WARN_COMMA = YES;
				CLANG_WARN_CONSTANT_CONVERSION = YES;
				CLANG_WARN_DEPRECATED_OBJC_IMPLEMENTATIONS = YES;
				CLANG_WARN_DIRECT_OBJC_ISA_USAGE = YES_ERROR;
				CLANG_WARN_DOCUMENTATION_COMMENTS = YES;
				CLANG_WARN_EMPTY_BODY = YES;
				CLANG_WARN_ENUM_CONVERSION = YES;
				CLANG_WARN_INFINITE_RECURSION = YES;
				CLANG_WARN_INT_CONVERSION = YES;
				CLANG_WARN_NON_LITERAL_NULL_CONVERSION = YES;
				CLANG_WARN_OBJC_IMPLICIT_RETAIN_SELF = YES;
				CLANG_WARN_OBJC_LITERAL_CONVERSION = YES;
				CLANG_WARN_OBJC_ROOT_CLASS = YES_ERROR;
				CLANG_WARN_QUOTED_INCLUDE_IN_FRAMEWORK_HEADER = YES;
				CLANG_WARN_RANGE_LOOP_ANALYSIS = YES;
				CLANG_WARN_STRICT_PROTOTYPES = YES;
				CLANG_WARN_SUSPICIOUS_MOVE = YES;
				CLANG_WARN_UNGUARDED_AVAILABILITY = YES_AGGRESSIVE;
				CLANG_WARN_UNREACHABLE_CODE = YES;
				CLANG_WARN__DUPLICATE_METHOD_MATCH = YES;
				COPY_PHASE_STRIP = NO;
				DEBUG_INFORMATION_FORMAT = dwarf;
				ENABLE_STRICT_OBJC_MSGSEND = YES;
				ENABLE_TESTABILITY = YES;
				GCC_C_LANGUAGE_STANDARD = gnu11;
				GCC_DYNAMIC_NO_PIC = NO;
				GCC_NO_COMMON_BLOCKS = YES;
				GCC_OPTIMIZATION_LEVEL = 0;
				GCC_PREPROCESSOR_DEFINITIONS = (
					"DEBUG=1",
					"$(inherited)",
				);
				GCC_WARN_64_TO_32_BIT_CONVERSION = YES;
				GCC_WARN_ABOUT_RETURN_TYPE = YES_ERROR;
				GCC_WARN_UNDECLARED_SELECTOR = YES;
				GCC_WARN_UNINITIALIZED_AUTOS = YES_AGGRESSIVE;
				GCC_WARN_UNUSED_FUNCTION = YES;
				GCC_WARN_UNUSED_VARIABLE = YES;
				IPHONEOS_DEPLOYMENT_TARGET = 16.0;
				MTL_ENABLE_DEBUG_INFO = INCLUDE_SOURCE;
				MTL_FAST_MATH = YES;
				ONLY_ACTIVE_ARCH = YES;
				SDKROOT = iphoneos;
				SWIFT_ACTIVE_COMPILATION_CONDITIONS = DEBUG;
				SWIFT_OPTIMIZATION_LEVEL = "-Onone";
			};
			name = Debug;
		};
		86035A1C28ECB01500D3A5BA /* Release */ = {
			isa = XCBuildConfiguration;
			buildSettings = {
				ALWAYS_SEARCH_USER_PATHS = NO;
				CLANG_ANALYZER_NONNULL = YES;
				CLANG_ANALYZER_NUMBER_OBJECT_CONVERSION = YES_AGGRESSIVE;
				CLANG_CXX_LANGUAGE_STANDARD = "gnu++20";
				CLANG_ENABLE_MODULES = YES;
				CLANG_ENABLE_OBJC_ARC = YES;
				CLANG_ENABLE_OBJC_WEAK = YES;
				CLANG_WARN_BLOCK_CAPTURE_AUTORELEASING = YES;
				CLANG_WARN_BOOL_CONVERSION = YES;
				CLANG_WARN_COMMA = YES;
				CLANG_WARN_CONSTANT_CONVERSION = YES;
				CLANG_WARN_DEPRECATED_OBJC_IMPLEMENTATIONS = YES;
				CLANG_WARN_DIRECT_OBJC_ISA_USAGE = YES_ERROR;
				CLANG_WARN_DOCUMENTATION_COMMENTS = YES;
				CLANG_WARN_EMPTY_BODY = YES;
				CLANG_WARN_ENUM_CONVERSION = YES;
				CLANG_WARN_INFINITE_RECURSION = YES;
				CLANG_WARN_INT_CONVERSION = YES;
				CLANG_WARN_NON_LITERAL_NULL_CONVERSION = YES;
				CLANG_WARN_OBJC_IMPLICIT_RETAIN_SELF = YES;
				CLANG_WARN_OBJC_LITERAL_CONVERSION = YES;
				CLANG_WARN_OBJC_ROOT_CLASS = YES_ERROR;
				CLANG_WARN_QUOTED_INCLUDE_IN_FRAMEWORK_HEADER = YES;
				CLANG_WARN_RANGE_LOOP_ANALYSIS = YES;
				CLANG_WARN_STRICT_PROTOTYPES = YES;
				CLANG_WARN_SUSPICIOUS_MOVE = YES;
				CLANG_WARN_UNGUARDED_AVAILABILITY = YES_AGGRESSIVE;
				CLANG_WARN_UNREACHABLE_CODE = YES;
				CLANG_WARN__DUPLICATE_METHOD_MATCH = YES;
				COPY_PHASE_STRIP = NO;
				DEBUG_INFORMATION_FORMAT = "dwarf-with-dsym";
				ENABLE_NS_ASSERTIONS = NO;
				ENABLE_STRICT_OBJC_MSGSEND = YES;
				GCC_C_LANGUAGE_STANDARD = gnu11;
				GCC_NO_COMMON_BLOCKS = YES;
				GCC_WARN_64_TO_32_BIT_CONVERSION = YES;
				GCC_WARN_ABOUT_RETURN_TYPE = YES_ERROR;
				GCC_WARN_UNDECLARED_SELECTOR = YES;
				GCC_WARN_UNINITIALIZED_AUTOS = YES_AGGRESSIVE;
				GCC_WARN_UNUSED_FUNCTION = YES;
				GCC_WARN_UNUSED_VARIABLE = YES;
				IPHONEOS_DEPLOYMENT_TARGET = 16.0;
				MTL_ENABLE_DEBUG_INFO = NO;
				MTL_FAST_MATH = YES;
				SDKROOT = iphoneos;
				SWIFT_COMPILATION_MODE = wholemodule;
				SWIFT_OPTIMIZATION_LEVEL = "-O";
				VALIDATE_PRODUCT = YES;
			};
			name = Release;
		};
		86035A1E28ECB01500D3A5BA /* Debug */ = {
			isa = XCBuildConfiguration;
			buildSettings = {
				ASSETCATALOG_COMPILER_APPICON_NAME = AppIcon;
				ASSETCATALOG_COMPILER_GLOBAL_ACCENT_COLOR_NAME = AccentColor;
				CODE_SIGN_STYLE = Automatic;
				CURRENT_PROJECT_VERSION = 1;
				DEVELOPMENT_ASSET_PATHS = "\"Driving Behaviours/Preview Content\"";
				DEVELOPMENT_TEAM = VA486AGXUK;
				ENABLE_PREVIEWS = YES;
				GENERATE_INFOPLIST_FILE = YES;
				INFOPLIST_KEY_NSLocationWhenInUseUsageDescription = "Please allow location access for full app functionality to track vehicle movement.";
				INFOPLIST_KEY_UIApplicationSceneManifest_Generation = YES;
				INFOPLIST_KEY_UIApplicationSupportsIndirectInputEvents = YES;
				INFOPLIST_KEY_UILaunchScreen_Generation = YES;
				INFOPLIST_KEY_UISupportedInterfaceOrientations = UIInterfaceOrientationPortrait;
				INFOPLIST_KEY_UISupportedInterfaceOrientations_iPad = "UIInterfaceOrientationLandscapeLeft UIInterfaceOrientationLandscapeRight UIInterfaceOrientationPortrait";
				LD_RUNPATH_SEARCH_PATHS = (
					"$(inherited)",
					"@executable_path/Frameworks",
				);
				MARKETING_VERSION = 1.0;
				PRODUCT_BUNDLE_IDENTIFIER = "uk.co.reecenicholls.Driving-Behaviours";
				PRODUCT_NAME = "$(TARGET_NAME)";
				SUPPORTED_PLATFORMS = "iphoneos iphonesimulator";
				SUPPORTS_MACCATALYST = NO;
				SUPPORTS_MAC_DESIGNED_FOR_IPHONE_IPAD = NO;
				SWIFT_EMIT_LOC_STRINGS = YES;
				SWIFT_VERSION = 5.0;
				TARGETED_DEVICE_FAMILY = "1,2";
			};
			name = Debug;
		};
		86035A1F28ECB01500D3A5BA /* Release */ = {
			isa = XCBuildConfiguration;
			buildSettings = {
				ASSETCATALOG_COMPILER_APPICON_NAME = AppIcon;
				ASSETCATALOG_COMPILER_GLOBAL_ACCENT_COLOR_NAME = AccentColor;
				CODE_SIGN_STYLE = Automatic;
				CURRENT_PROJECT_VERSION = 1;
				DEVELOPMENT_ASSET_PATHS = "\"Driving Behaviours/Preview Content\"";
				DEVELOPMENT_TEAM = VA486AGXUK;
				ENABLE_PREVIEWS = YES;
				GENERATE_INFOPLIST_FILE = YES;
				INFOPLIST_KEY_NSLocationWhenInUseUsageDescription = "Please allow location access for full app functionality to track vehicle movement.";
				INFOPLIST_KEY_UIApplicationSceneManifest_Generation = YES;
				INFOPLIST_KEY_UIApplicationSupportsIndirectInputEvents = YES;
				INFOPLIST_KEY_UILaunchScreen_Generation = YES;
				INFOPLIST_KEY_UISupportedInterfaceOrientations = UIInterfaceOrientationPortrait;
				INFOPLIST_KEY_UISupportedInterfaceOrientations_iPad = "UIInterfaceOrientationLandscapeLeft UIInterfaceOrientationLandscapeRight UIInterfaceOrientationPortrait";
				LD_RUNPATH_SEARCH_PATHS = (
					"$(inherited)",
					"@executable_path/Frameworks",
				);
				MARKETING_VERSION = 1.0;
				PRODUCT_BUNDLE_IDENTIFIER = "uk.co.reecenicholls.Driving-Behaviours";
				PRODUCT_NAME = "$(TARGET_NAME)";
				SUPPORTED_PLATFORMS = "iphoneos iphonesimulator";
				SUPPORTS_MACCATALYST = NO;
				SUPPORTS_MAC_DESIGNED_FOR_IPHONE_IPAD = NO;
				SWIFT_EMIT_LOC_STRINGS = YES;
				SWIFT_VERSION = 5.0;
				TARGETED_DEVICE_FAMILY = "1,2";
			};
			name = Release;
		};
/* End XCBuildConfiguration section */

/* Begin XCConfigurationList section */
		86035A0A28ECB01400D3A5BA /* Build configuration list for PBXProject "Driving Behaviours" */ = {
			isa = XCConfigurationList;
			buildConfigurations = (
				86035A1B28ECB01500D3A5BA /* Debug */,
				86035A1C28ECB01500D3A5BA /* Release */,
			);
			defaultConfigurationIsVisible = 0;
			defaultConfigurationName = Release;
		};
		86035A1D28ECB01500D3A5BA /* Build configuration list for PBXNativeTarget "Driving Behaviours" */ = {
			isa = XCConfigurationList;
			buildConfigurations = (
				86035A1E28ECB01500D3A5BA /* Debug */,
				86035A1F28ECB01500D3A5BA /* Release */,
			);
			defaultConfigurationIsVisible = 0;
			defaultConfigurationName = Release;
		};
/* End XCConfigurationList section */
	};
	rootObject = 86035A0728ECB01400D3A5BA /* Project object */;
}
